// !$*UTF8*$!
{
	archiveVersion = 1;
	classes = {
	};
	objectVersion = 46;
	objects = {

/* Begin PBXBuildFile section */
		0356ECC91C93F06800508996 /* main.m in Sources */ = {isa = PBXBuildFile; fileRef = 0356ECC81C93F06800508996 /* main.m */; };
		0356ECCC1C93F06800508996 /* AppDelegate.m in Sources */ = {isa = PBXBuildFile; fileRef = 0356ECCB1C93F06800508996 /* AppDelegate.m */; };
		0356ECCF1C93F06800508996 /* ViewController.m in Sources */ = {isa = PBXBuildFile; fileRef = 0356ECCE1C93F06800508996 /* ViewController.m */; };
		0356ECD21C93F06800508996 /* Main.storyboard in Resources */ = {isa = PBXBuildFile; fileRef = 0356ECD01C93F06800508996 /* Main.storyboard */; };
		0356ECD41C93F06800508996 /* Assets.xcassets in Resources */ = {isa = PBXBuildFile; fileRef = 0356ECD31C93F06800508996 /* Assets.xcassets */; };
		0356ECD71C93F06800508996 /* LaunchScreen.storyboard in Resources */ = {isa = PBXBuildFile; fileRef = 0356ECD51C93F06800508996 /* LaunchScreen.storyboard */; };
/* End PBXBuildFile section */

/* Begin PBXFileReference section */
		0356ECC41C93F06800508996 /* SKLoggerDemo.app */ = {isa = PBXFileReference; explicitFileType = wrapper.application; includeInIndex = 0; path = SKLoggerDemo.app; sourceTree = BUILT_PRODUCTS_DIR; };
		0356ECC81C93F06800508996 /* main.m */ = {isa = PBXFileReference; lastKnownFileType = sourcecode.c.objc; path = main.m; sourceTree = "<group>"; };
		0356ECCA1C93F06800508996 /* AppDelegate.h */ = {isa = PBXFileReference; lastKnownFileType = sourcecode.c.h; path = AppDelegate.h; sourceTree = "<group>"; };
		0356ECCB1C93F06800508996 /* AppDelegate.m */ = {isa = PBXFileReference; lastKnownFileType = sourcecode.c.objc; path = AppDelegate.m; sourceTree = "<group>"; };
		0356ECCD1C93F06800508996 /* ViewController.h */ = {isa = PBXFileReference; lastKnownFileType = sourcecode.c.h; path = ViewController.h; sourceTree = "<group>"; };
		0356ECCE1C93F06800508996 /* ViewController.m */ = {isa = PBXFileReference; lastKnownFileType = sourcecode.c.objc; path = ViewController.m; sourceTree = "<group>"; };
		0356ECD11C93F06800508996 /* Base */ = {isa = PBXFileReference; lastKnownFileType = file.storyboard; name = Base; path = Base.lproj/Main.storyboard; sourceTree = "<group>"; };
		0356ECD31C93F06800508996 /* Assets.xcassets */ = {isa = PBXFileReference; lastKnownFileType = folder.assetcatalog; path = Assets.xcassets; sourceTree = "<group>"; };
		0356ECD61C93F06800508996 /* Base */ = {isa = PBXFileReference; lastKnownFileType = file.storyboard; name = Base; path = Base.lproj/LaunchScreen.storyboard; sourceTree = "<group>"; };
		0356ECD81C93F06800508996 /* Info.plist */ = {isa = PBXFileReference; lastKnownFileType = text.plist.xml; path = Info.plist; sourceTree = "<group>"; };
		0356ECDE1C93F08700508996 /* SKLogger.h */ = {isa = PBXFileReference; fileEncoding = 4; lastKnownFileType = sourcecode.c.h; path = SKLogger.h; sourceTree = "<group>"; };
/* End PBXFileReference section */

/* Begin PBXFrameworksBuildPhase section */
		0356ECC11C93F06800508996 /* Frameworks */ = {
			isa = PBXFrameworksBuildPhase;
			buildActionMask = 2147483647;
			files = (
			);
			runOnlyForDeploymentPostprocessing = 0;
		};
/* End PBXFrameworksBuildPhase section */

/* Begin PBXGroup section */
		0356ECBB1C93F06800508996 = {
			isa = PBXGroup;
			children = (
				0356ECC61C93F06800508996 /* SKLoggerDemo */,
				0356ECC51C93F06800508996 /* Products */,
			);
			sourceTree = "<group>";
		};
		0356ECC51C93F06800508996 /* Products */ = {
			isa = PBXGroup;
			children = (
				0356ECC41C93F06800508996 /* SKLoggerDemo.app */,
			);
			name = Products;
			sourceTree = "<group>";
		};
		0356ECC61C93F06800508996 /* SKLoggerDemo */ = {
			isa = PBXGroup;
			children = (
				0356ECCA1C93F06800508996 /* AppDelegate.h */,
				0356ECCB1C93F06800508996 /* AppDelegate.m */,
				0356ECCD1C93F06800508996 /* ViewController.h */,
				0356ECCE1C93F06800508996 /* ViewController.m */,
				0356ECDE1C93F08700508996 /* SKLogger.h */,
				0356ECD01C93F06800508996 /* Main.storyboard */,
				0356ECD31C93F06800508996 /* Assets.xcassets */,
				0356ECD51C93F06800508996 /* LaunchScreen.storyboard */,
				0356ECD81C93F06800508996 /* Info.plist */,
				0356ECC71C93F06800508996 /* Supporting Files */,
			);
			path = SKLoggerDemo;
			sourceTree = "<group>";
		};
		0356ECC71C93F06800508996 /* Supporting Files */ = {
			isa = PBXGroup;
			children = (
				0356ECC81C93F06800508996 /* main.m */,
			);
			name = "Supporting Files";
			sourceTree = "<group>";
		};
/* End PBXGroup section */

/* Begin PBXNativeTarget section */
		0356ECC31C93F06800508996 /* SKLoggerDemo */ = {
			isa = PBXNativeTarget;
			buildConfigurationList = 0356ECDB1C93F06800508996 /* Build configuration list for PBXNativeTarget "SKLoggerDemo" */;
			buildPhases = (
				0356ECC01C93F06800508996 /* Sources */,
				0356ECC11C93F06800508996 /* Frameworks */,
				0356ECC21C93F06800508996 /* Resources */,
			);
			buildRules = (
			);
			dependencies = (
			);
			name = SKLoggerDemo;
			productName = SKLoggerDemo;
			productReference = 0356ECC41C93F06800508996 /* SKLoggerDemo.app */;
			productType = "com.apple.product-type.application";
		};
/* End PBXNativeTarget section */

/* Begin PBXProject section */
		0356ECBC1C93F06800508996 /* Project object */ = {
			isa = PBXProject;
			attributes = {
				LastUpgradeCheck = 0720;
				ORGANIZATIONNAME = "Sachin Kesiraju";
				TargetAttributes = {
					0356ECC31C93F06800508996 = {
						CreatedOnToolsVersion = 7.2;
					};
				};
			};
			buildConfigurationList = 0356ECBF1C93F06800508996 /* Build configuration list for PBXProject "SKLoggerDemo" */;
			compatibilityVersion = "Xcode 3.2";
			developmentRegion = English;
			hasScannedForEncodings = 0;
			knownRegions = (
				en,
				Base,
			);
			mainGroup = 0356ECBB1C93F06800508996;
			productRefGroup = 0356ECC51C93F06800508996 /* Products */;
			projectDirPath = "";
			projectRoot = "";
			targets = (
				0356ECC31C93F06800508996 /* SKLoggerDemo */,
			);
		};
/* End PBXProject section */

/* Begin PBXResourcesBuildPhase section */
		0356ECC21C93F06800508996 /* Resources */ = {
			isa = PBXResourcesBuildPhase;
			buildActionMask = 2147483647;
			files = (
				0356ECD71C93F06800508996 /* LaunchScreen.storyboard in Resources */,
				0356ECD41C93F06800508996 /* Assets.xcassets in Resources */,
				0356ECD21C93F06800508996 /* Main.storyboard in Resources */,
			);
			runOnlyForDeploymentPostprocessing = 0;
		};
/* End PBXResourcesBuildPhase section */

/* Begin PBXSourcesBuildPhase section */
		0356ECC01C93F06800508996 /* Sources */ = {
			isa = PBXSourcesBuildPhase;
			buildActionMask = 2147483647;
			files = (
				0356ECCF1C93F06800508996 /* ViewController.m in Sources */,
				0356ECCC1C93F06800508996 /* AppDelegate.m in Sources */,
				0356ECC91C93F06800508996 /* main.m in Sources */,
			);
			runOnlyForDeploymentPostprocessing = 0;
		};
/* End PBXSourcesBuildPhase section */

/* Begin PBXVariantGroup section */
		0356ECD01C93F06800508996 /* Main.storyboard */ = {
			isa = PBXVariantGroup;
			children = (
				0356ECD11C93F06800508996 /* Base */,
			);
			name = Main.storyboard;
			sourceTree = "<group>";
		};
		0356ECD51C93F06800508996 /* LaunchScreen.storyboard */ = {
			isa = PBXVariantGroup;
			children = (
				0356ECD61C93F06800508996 /* Base */,
			);
			name = LaunchScreen.storyboard;
			sourceTree = "<group>";
		};
/* End PBXVariantGroup section */

/* Begin XCBuildConfiguration section */
		0356ECD91C93F06800508996 /* Debug */ = {
			isa = XCBuildConfiguration;
			buildSettings = {
				ALWAYS_SEARCH_USER_PATHS = NO;
				CLANG_CXX_LANGUAGE_STANDARD = "gnu++0x";
				CLANG_CXX_LIBRARY = "libc++";
				CLANG_ENABLE_MODULES = YES;
				CLANG_ENABLE_OBJC_ARC = YES;
				CLANG_WARN_BOOL_CONVERSION = YES;
				CLANG_WARN_CONSTANT_CONVERSION = YES;
				CLANG_WARN_DIRECT_OBJC_ISA_USAGE = YES_ERROR;
				CLANG_WARN_EMPTY_BODY = YES;
				CLANG_WARN_ENUM_CONVERSION = YES;
				CLANG_WARN_INT_CONVERSION = YES;
				CLANG_WARN_OBJC_ROOT_CLASS = YES_ERROR;
				CLANG_WARN_UNREACHABLE_CODE = YES;
				CLANG_WARN__DUPLICATE_METHOD_MATCH = YES;
				"CODE_SIGN_IDENTITY[sdk=iphoneos*]" = "iPhone Developer";
				COPY_PHASE_STRIP = NO;
				DEBUG_INFORMATION_FORMAT = dwarf;
				ENABLE_STRICT_OBJC_MSGSEND = YES;
				ENABLE_TESTABILITY = YES;
				GCC_C_LANGUAGE_STANDARD = gnu99;
				GCC_DYNAMIC_NO_PIC = NO;
				GCC_NO_COMMON_BLOCKS = YES;
				GCC_OPTIMIZATION_LEVEL = 0;
				GCC_PREPROCESSOR_DEFINITIONS = (
					"DEBUG=1",
					"$(inherited)",
				);
				GCC_WARN_64_TO_32_BIT_CONVERSION = YES;
				GCC_WARN_ABOUT_RETURN_TYPE = YES_ERROR;
				GCC_WARN_UNDECLARED_SELECTOR = YES;
				GCC_WARN_UNINITIALIZED_AUTOS = YES_AGGRESSIVE;
				GCC_WARN_UNUSED_FUNCTION = YES;
				GCC_WARN_UNUSED_VARIABLE = YES;
				IPHONEOS_DEPLOYMENT_TARGET = 9.2;
				MTL_ENABLE_DEBUG_INFO = YES;
				ONLY_ACTIVE_ARCH = YES;
				SDKROOT = iphoneos;
			};
			name = Debug;
		};
		0356ECDA1C93F06800508996 /* Release */ = {
			isa = XCBuildConfiguration;
			buildSettings = {
				ALWAYS_SEARCH_USER_PATHS = NO;
				CLANG_CXX_LANGUAGE_STANDARD = "gnu++0x";
				CLANG_CXX_LIBRARY = "libc++";
				CLANG_ENABLE_MODULES = YES;
				CLANG_ENABLE_OBJC_ARC = YES;
				CLANG_WARN_BOOL_CONVERSION = YES;
				CLANG_WARN_CONSTANT_CONVERSION = YES;
				CLANG_WARN_DIRECT_OBJC_ISA_USAGE = YES_ERROR;
				CLANG_WARN_EMPTY_BODY = YES;
				CLANG_WARN_ENUM_CONVERSION = YES;
				CLANG_WARN_INT_CONVERSION = YES;
				CLANG_WARN_OBJC_ROOT_CLASS = YES_ERROR;
				CLANG_WARN_UNREACHABLE_CODE = YES;
				CLANG_WARN__DUPLICATE_METHOD_MATCH = YES;
				"CODE_SIGN_IDENTITY[sdk=iphoneos*]" = "iPhone Developer";
				COPY_PHASE_STRIP = NO;
				DEBUG_INFORMATION_FORMAT = "dwarf-with-dsym";
				ENABLE_NS_ASSERTIONS = NO;
				ENABLE_STRICT_OBJC_MSGSEND = YES;
				GCC_C_LANGUAGE_STANDARD = gnu99;
				GCC_NO_COMMON_BLOCKS = YES;
				GCC_WARN_64_TO_32_BIT_CONVERSION = YES;
				GCC_WARN_ABOUT_RETURN_TYPE = YES_ERROR;
				GCC_WARN_UNDECLARED_SELECTOR = YES;
				GCC_WARN_UNINITIALIZED_AUTOS = YES_AGGRESSIVE;
				GCC_WARN_UNUSED_FUNCTION = YES;
				GCC_WARN_UNUSED_VARIABLE = YES;
				IPHONEOS_DEPLOYMENT_TARGET = 9.2;
				MTL_ENABLE_DEBUG_INFO = NO;
				SDKROOT = iphoneos;
				VALIDATE_PRODUCT = YES;
			};
			name = Release;
		};
		0356ECDC1C93F06800508996 /* Debug */ = {
			isa = XCBuildConfiguration;
			buildSettings = {
				ASSETCATALOG_COMPILER_APPICON_NAME = AppIcon;
				INFOPLIST_FILE = SKLoggerDemo/Info.plist;
				LD_RUNPATH_SEARCH_PATHS = "$(inherited) @executable_path/Frameworks";
				PRODUCT_BUNDLE_IDENTIFIER = Sachin.Kesiraju.SKLoggerDemo;
				PRODUCT_NAME = "$(TARGET_NAME)";
			};
			name = Debug;
		};
		0356ECDD1C93F06800508996 /* Release */ = {
			isa = XCBuildConfiguration;
			buildSettings = {
				ASSETCATALOG_COMPILER_APPICON_NAME = AppIcon;
				INFOPLIST_FILE = SKLoggerDemo/Info.plist;
				LD_RUNPATH_SEARCH_PATHS = "$(inherited) @executable_path/Frameworks";
				PRODUCT_BUNDLE_IDENTIFIER = Sachin.Kesiraju.SKLoggerDemo;
				PRODUCT_NAME = "$(TARGET_NAME)";
			};
			name = Release;
		};
/* End XCBuildConfiguration section */

/* Begin XCConfigurationList section */
		0356ECBF1C93F06800508996 /* Build configuration list for PBXProject "SKLoggerDemo" */ = {
			isa = XCConfigurationList;
			buildConfigurations = (
				0356ECD91C93F06800508996 /* Debug */,
				0356ECDA1C93F06800508996 /* Release */,
			);
			defaultConfigurationIsVisible = 0;
			defaultConfigurationName = Release;
		};
		0356ECDB1C93F06800508996 /* Build configuration list for PBXNativeTarget "SKLoggerDemo" */ = {
			isa = XCConfigurationList;
			buildConfigurations = (
				0356ECDC1C93F06800508996 /* Debug */,
				0356ECDD1C93F06800508996 /* Release */,
			);
			defaultConfigurationIsVisible = 0;
		};
/* End XCConfigurationList section */
	};
	rootObject = 0356ECBC1C93F06800508996 /* Project object */;
}
